
Microsoft Visual Studio Solution File, Format Version 12.00
# Visual Studio 15
VisualStudioVersion = 15.0.28307.1062
MinimumVisualStudioVersion = 10.0.40219.1
Project("{2150E333-8FDC-42A3-9474-1A3956D46DE8}") = "ExceptionsPractices", "ExceptionsPractices", "{5A9CCE0C-F4E2-4F6F-A8B6-C5E7EF49354A}"
EndProject
Project("{FAE04EC0-301F-11D3-BF4B-00C04F79EFBC}") = "Item45_UseExceptionsToReportMethodContractFailures", "Effective_CSharp6.0\Item45_UseExceptionsToReportMethodContractFailures.csproj", "{BD593153-0C1E-408B-A6D7-BB9E2B4AEC73}"
EndProject
Project("{2150E333-8FDC-42A3-9474-1A3956D46DE8}") = "EffectiveCSharp6.0", "EffectiveCSharp6.0", "{ACEA64CA-0D0A-4182-8665-E543D43E35E3}"
	ProjectSection(SolutionItems) = preProject
		README.md = README.md
	EndProjectSection
EndProject
Project("{2150E333-8FDC-42A3-9474-1A3956D46DE8}") = "Solution Items", "Solution Items", "{02DEB121-2CB6-452F-ADB1-A11F5B57ECE0}"
	ProjectSection(SolutionItems) = preProject
		..\..\..\Users\Tareq\Pictures\EffectiveCSharp.jpg = ..\..\..\Users\Tareq\Pictures\EffectiveCSharp.jpg
	EndProjectSection
EndProject
Project("{FAE04EC0-301F-11D3-BF4B-00C04F79EFBC}") = "Item49_PreferExceptionFiltersToCatchAndReThrow", "Item49_PreferExceptionFiltersToCatchAndReThrow\Item49_PreferExceptionFiltersToCatchAndReThrow.csproj", "{9303C82F-F59A-49AC-8D32-2DE26B33E073}"
EndProject
Project("{FAE04EC0-301F-11D3-BF4B-00C04F79EFBC}") = "Item46_UtilizeUsingAndTryFinallyForResourceCleanup", "Item46_UtilizeUsingAndTryFinallyForResourceCleanup\Item46_UtilizeUsingAndTryFinallyForResourceCleanup.csproj", "{C97DB418-A2EC-4341-B30A-CE7545049F43}"
EndProject
Project("{FAE04EC0-301F-11D3-BF4B-00C04F79EFBC}") = "Utilities", "Utilities\Utilities.csproj", "{82EC74FB-DEF6-49B7-B78F-47F100705CA7}"
EndProject
Project("{2150E333-8FDC-42A3-9474-1A3956D46DE8}") = "ThinkingInLINQ", "ThinkingInLINQ", "{0690B9A3-55B3-4066-94DA-5DD0DF18E825}"
EndProject
Project("{2150E333-8FDC-42A3-9474-1A3956D46DE8}") = "TextProcessing", "TextProcessing", "{244811CB-8045-4692-9AC7-4EA63269E5C9}"
	ProjectSection(SolutionItems) = preProject
		ThinkingInLINQ\TextProcessing\T9.txt = ThinkingInLINQ\TextProcessing\T9.txt
		ThinkingInLINQ\TextProcessing\T9Simulation.linq = ThinkingInLINQ\TextProcessing\T9Simulation.linq
	EndProjectSection
EndProject
Project("{2150E333-8FDC-42A3-9474-1A3956D46DE8}") = "WorkingWithLINQ", "WorkingWithLINQ", "{A27C3A04-FCA6-4D36-B3DE-598E7DCEAAEB}"
EndProject
Project("{FAE04EC0-301F-11D3-BF4B-00C04F79EFBC}") = "Item29_PreferIteratorMethodsToReturningCollections", "Item29_PreferIteratorMethodsToReturningCollections\Item29_PreferIteratorMethodsToReturningCollections.csproj", "{DB57EB3C-9491-4881-8694-FFC83ADF9F77}"
EndProject
Global
	GlobalSection(SolutionConfigurationPlatforms) = preSolution
		Debug|Any CPU = Debug|Any CPU
		Release|Any CPU = Release|Any CPU
	EndGlobalSection
	GlobalSection(ProjectConfigurationPlatforms) = postSolution
		{BD593153-0C1E-408B-A6D7-BB9E2B4AEC73}.Debug|Any CPU.ActiveCfg = Debug|Any CPU
		{BD593153-0C1E-408B-A6D7-BB9E2B4AEC73}.Debug|Any CPU.Build.0 = Debug|Any CPU
		{BD593153-0C1E-408B-A6D7-BB9E2B4AEC73}.Release|Any CPU.ActiveCfg = Release|Any CPU
		{BD593153-0C1E-408B-A6D7-BB9E2B4AEC73}.Release|Any CPU.Build.0 = Release|Any CPU
		{9303C82F-F59A-49AC-8D32-2DE26B33E073}.Debug|Any CPU.ActiveCfg = Debug|Any CPU
		{9303C82F-F59A-49AC-8D32-2DE26B33E073}.Debug|Any CPU.Build.0 = Debug|Any CPU
		{9303C82F-F59A-49AC-8D32-2DE26B33E073}.Release|Any CPU.ActiveCfg = Release|Any CPU
		{9303C82F-F59A-49AC-8D32-2DE26B33E073}.Release|Any CPU.Build.0 = Release|Any CPU
		{C97DB418-A2EC-4341-B30A-CE7545049F43}.Debug|Any CPU.ActiveCfg = Debug|Any CPU
		{C97DB418-A2EC-4341-B30A-CE7545049F43}.Debug|Any CPU.Build.0 = Debug|Any CPU
		{C97DB418-A2EC-4341-B30A-CE7545049F43}.Release|Any CPU.ActiveCfg = Release|Any CPU
		{C97DB418-A2EC-4341-B30A-CE7545049F43}.Release|Any CPU.Build.0 = Release|Any CPU
		{82EC74FB-DEF6-49B7-B78F-47F100705CA7}.Debug|Any CPU.ActiveCfg = Debug|Any CPU
		{82EC74FB-DEF6-49B7-B78F-47F100705CA7}.Debug|Any CPU.Build.0 = Debug|Any CPU
		{82EC74FB-DEF6-49B7-B78F-47F100705CA7}.Release|Any CPU.ActiveCfg = Release|Any CPU
		{82EC74FB-DEF6-49B7-B78F-47F100705CA7}.Release|Any CPU.Build.0 = Release|Any CPU
		{DB57EB3C-9491-4881-8694-FFC83ADF9F77}.Debug|Any CPU.ActiveCfg = Debug|Any CPU
		{DB57EB3C-9491-4881-8694-FFC83ADF9F77}.Debug|Any CPU.Build.0 = Debug|Any CPU
		{DB57EB3C-9491-4881-8694-FFC83ADF9F77}.Release|Any CPU.ActiveCfg = Release|Any CPU
		{DB57EB3C-9491-4881-8694-FFC83ADF9F77}.Release|Any CPU.Build.0 = Release|Any CPU
	EndGlobalSection
	GlobalSection(SolutionProperties) = preSolution
		HideSolutionNode = FALSE
	EndGlobalSection
	GlobalSection(NestedProjects) = preSolution
		{5A9CCE0C-F4E2-4F6F-A8B6-C5E7EF49354A} = {ACEA64CA-0D0A-4182-8665-E543D43E35E3}
		{BD593153-0C1E-408B-A6D7-BB9E2B4AEC73} = {5A9CCE0C-F4E2-4F6F-A8B6-C5E7EF49354A}
		{9303C82F-F59A-49AC-8D32-2DE26B33E073} = {5A9CCE0C-F4E2-4F6F-A8B6-C5E7EF49354A}
		{C97DB418-A2EC-4341-B30A-CE7545049F43} = {5A9CCE0C-F4E2-4F6F-A8B6-C5E7EF49354A}
		{82EC74FB-DEF6-49B7-B78F-47F100705CA7} = {5A9CCE0C-F4E2-4F6F-A8B6-C5E7EF49354A}
		{244811CB-8045-4692-9AC7-4EA63269E5C9} = {0690B9A3-55B3-4066-94DA-5DD0DF18E825}
		{A27C3A04-FCA6-4D36-B3DE-598E7DCEAAEB} = {ACEA64CA-0D0A-4182-8665-E543D43E35E3}
		{DB57EB3C-9491-4881-8694-FFC83ADF9F77} = {A27C3A04-FCA6-4D36-B3DE-598E7DCEAAEB}
	EndGlobalSection
	GlobalSection(ExtensibilityGlobals) = postSolution
		SolutionGuid = {BD5BFEB6-F580-4648-94F6-03D4AF11657C}
	EndGlobalSection
EndGlobal
