
Microsoft Visual Studio Solution File, Format Version 12.00
# Visual Studio 15
VisualStudioVersion = 15.0.28307.1062
MinimumVisualStudioVersion = 10.0.40219.1
Project("{2150E333-8FDC-42A3-9474-1A3956D46DE8}") = "ExceptionsPractices", "ExceptionsPractices", "{5A9CCE0C-F4E2-4F6F-A8B6-C5E7EF49354A}"
	ProjectSection(SolutionItems) = preProject
		Extensions.cs = Extensions.cs
	EndProjectSection
EndProject
Project("{FAE04EC0-301F-11D3-BF4B-00C04F79EFBC}") = "Item45_UseExceptionsToReportMethodContractFailures", "Effective_CSharp6.0\Item45_UseExceptionsToReportMethodContractFailures.csproj", "{BD593153-0C1E-408B-A6D7-BB9E2B4AEC73}"
EndProject
Project("{2150E333-8FDC-42A3-9474-1A3956D46DE8}") = "EffectiveCSharp6.0", "EffectiveCSharp6.0", "{ACEA64CA-0D0A-4182-8665-E543D43E35E3}"
	ProjectSection(SolutionItems) = preProject
		README.md = README.md
	EndProjectSection
EndProject
Project("{2150E333-8FDC-42A3-9474-1A3956D46DE8}") = "Solution Items", "Solution Items", "{02DEB121-2CB6-452F-ADB1-A11F5B57ECE0}"
	ProjectSection(SolutionItems) = preProject
		..\..\..\Users\Tareq\Pictures\EffectiveCSharp.jpg = ..\..\..\Users\Tareq\Pictures\EffectiveCSharp.jpg
	EndProjectSection
EndProject
Global
	GlobalSection(SolutionConfigurationPlatforms) = preSolution
		Debug|Any CPU = Debug|Any CPU
		Release|Any CPU = Release|Any CPU
	EndGlobalSection
	GlobalSection(ProjectConfigurationPlatforms) = postSolution
		{BD593153-0C1E-408B-A6D7-BB9E2B4AEC73}.Debug|Any CPU.ActiveCfg = Debug|Any CPU
		{BD593153-0C1E-408B-A6D7-BB9E2B4AEC73}.Debug|Any CPU.Build.0 = Debug|Any CPU
		{BD593153-0C1E-408B-A6D7-BB9E2B4AEC73}.Release|Any CPU.ActiveCfg = Release|Any CPU
		{BD593153-0C1E-408B-A6D7-BB9E2B4AEC73}.Release|Any CPU.Build.0 = Release|Any CPU
	EndGlobalSection
	GlobalSection(SolutionProperties) = preSolution
		HideSolutionNode = FALSE
	EndGlobalSection
	GlobalSection(NestedProjects) = preSolution
		{5A9CCE0C-F4E2-4F6F-A8B6-C5E7EF49354A} = {ACEA64CA-0D0A-4182-8665-E543D43E35E3}
		{BD593153-0C1E-408B-A6D7-BB9E2B4AEC73} = {5A9CCE0C-F4E2-4F6F-A8B6-C5E7EF49354A}
	EndGlobalSection
	GlobalSection(ExtensibilityGlobals) = postSolution
		SolutionGuid = {BD5BFEB6-F580-4648-94F6-03D4AF11657C}
	EndGlobalSection
EndGlobal
